# This file is automatically @generated by Cargo.
# It is not intended for manual editing.
version = 4

[[package]]
name = "autocfg"
version = "1.5.1"
source = "registry+https://github.com/rust-lang/crates.io-index"
checksum = "f2032f911046de80f0a198e0901378627c33f59ea0ac00e363d481118bd70a53"

[[package]]
name = "earcutr"
version = "0.4.3"
source = "registry+https://github.com/rust-lang/crates.io-index"
checksum = "79127ed59a85d7687c409e9978547cffb7dc79675355ed22da6b66fd5f6ead01"
dependencies = [
 "itertools",
 "num-traits",
]

[[package]]
name = "either"
version = "1.18.0"
source = "registry+https://github.com/rust-lang/crates.io-index"
checksum = "252afb9ae5eaa683babdc6a068b3f5726eb19e05070c731f9b2a23a7c3e8ed34"

[[package]]
name = "itertools"
version = "0.11.0"
source = "registry+https://github.com/rust-lang/crates.io-index"
checksum = "b1c173a5686ce8bfa551b3563d0c2170bf24ca44da99c7ca4bfdab5418c3fe57"
dependencies = [
 "either",
]

[[package]]
name = "itoa"
version = "1.0.18"
source = "registry+https://github.com/rust-lang/crates.io-index"
checksum = "8f42a60cbdf9a97f5d2305f08a87dc4e09308d1276d28c869c684d7777685682"

[[package]]
name = "memchr"
version = "2.8.3"
source = "registry+https://github.com/rust-lang/crates.io-index"
checksum = "cf8baf1c55e62ffcace7a9f06f4bd9cd3f0c4beb022d3b367256b91b87513d98"

[[package]]
name = "num-traits"
version = "0.2.19"
source = "registry+https://github.com/rust-lang/crates.io-index"
checksum = "071dfc062690e90b734c0b2273ce72ad0ffa95f0c74596bc250dcfd960262841"
dependencies = [
 "autocfg",
]

[[package]]
name = "paste"
version = "1.0.15"
source = "registry+https://github.com/rust-lang/crates.io-index"
checksum = "57c0d7b74b563b49d38dae00a0c37d4d6de9b432382b2892f0574ddcae73fd0a"

[[package]]
name = "proc-macro2"
version = "1.0.107"
source = "registry+https://github.com/rust-lang/crates.io-index"
checksum = "985e7ec9bb745e6ce6535b544d84d6cd6f7ad8bd711c398938ae983b91a766d9"
dependencies = [
 "unicode-ident",
]

[[package]]
name = "quote"
version = "1.0.47"
source = "registry+https://github.com/rust-lang/crates.io-index"
checksum = "1fbf4db142a473a8d80c26bbf18454ed458bf8d26c8219c331daecfdbd079001"
dependencies = [
 "proc-macro2",
]

[[package]]
name = "rcs022-vcad-probe"
version = "0.1.0"
dependencies = [
 "vcad-kernel-step",
 "vcad-kernel-tessellate",
]

[[package]]
name = "robust"
version = "1.2.0"
source = "registry+https://github.com/rust-lang/crates.io-index"
checksum = "4e27ee8bb91ca0adcf0ecb116293afa12d393f9c2b9b9cd54d33e8078fe19839"

[[package]]
name = "serde"
version = "1.0.229"
source = "registry+https://github.com/rust-lang/crates.io-index"
checksum = "4148590afebada386688f18773da617792bf2ef03ffc1e4cbd2b1d45b023e0ba"
dependencies = [
 "serde_core",
 "serde_derive",
]

[[package]]
name = "serde_core"
version = "1.0.229"
source = "registry+https://github.com/rust-lang/crates.io-index"
checksum = "67dca2c9c51e58a4791a4b1ed58308b39c64224d349a935ab5039aa360942a48"
dependencies = [
 "serde_derive",
]

[[package]]
name = "serde_derive"
version = "1.0.229"
source = "registry+https://github.com/rust-lang/crates.io-index"
checksum = "e7a5d71263a5a7d47b41f6b3f06ba276f10cc18b0931f1799f710578e2309348"
dependencies = [
 "proc-macro2",
 "quote",
 "syn",
]

[[package]]
name = "serde_json"
version = "1.0.151"
source = "registry+https://github.com/rust-lang/crates.io-index"
checksum = "c841b55ecdae098c80dcae9cf767f6f8a0c2cdb3416bbef72181df4d0fe73f14"
dependencies = [
 "itoa",
 "memchr",
 "serde",
 "serde_core",
 "zmij",
]

[[package]]
name = "slotmap"
version = "1.1.1"
source = "registry+https://github.com/rust-lang/crates.io-index"
checksum = "bdd58c3c93c3d278ca835519292445cb4b0d4dc59ccfdf7ceadaab3f8aeb4038"
dependencies = [
 "version_check",
]

[[package]]
name = "stepperoni"
version = "0.1.0"
source = "registry+https://github.com/rust-lang/crates.io-index"
checksum = "fad37b3273eb59fa35e3cf6868d85316378522f6ec6aa91ee7a5007d5e8288bb"
dependencies = [
 "thiserror",
]

[[package]]
name = "syn"
version = "3.0.6"
source = "registry+https://github.com/rust-lang/crates.io-index"
checksum = "8593e8e72159ed2257d083c7a454a85cbf854f37a0966d8d483aff8c8a3ebcee"
dependencies = [
 "proc-macro2",
 "quote",
 "unicode-ident",
]

[[package]]
name = "tang"
version = "0.2.1"
source = "registry+https://github.com/rust-lang/crates.io-index"
checksum = "01222e2be85bd48a1b129975a3b4045f425adaceb6ecda6e7a97cdb8dd96a75a"
dependencies = [
 "paste",
 "robust",
]

[[package]]
name = "thiserror"
version = "2.0.20"
source = "registry+https://github.com/rust-lang/crates.io-index"
checksum = "ec86235f5fcc2a73650310756d2ac5b138a5780bbbdfae3eeccec992c435ba4f"
dependencies = [
 "thiserror-impl",
]

[[package]]
name = "thiserror-impl"
version = "2.0.20"
source = "registry+https://github.com/rust-lang/crates.io-index"
checksum = "bc04cd3e1236dd4a98afca4569f2deb3f120e5422a4023be2cb683f8486292af"
dependencies = [
 "proc-macro2",
 "quote",
 "syn",
]

[[package]]
name = "unicode-ident"
version = "1.0.26"
source = "registry+https://github.com/rust-lang/crates.io-index"
checksum = "d245f478577f809a851594d02313b640fb437e0bb33866753cff937863096954"

[[package]]
name = "vcad-kernel-geom"
version = "0.10.0"
source = "registry+https://github.com/rust-lang/crates.io-index"
checksum = "e644f69de0cdc1a5206e962d0f5228557eb22ab533f0015c41a0b444f522982b"
dependencies = [
 "tang",
 "vcad-kernel-math",
]

[[package]]
name = "vcad-kernel-math"
version = "0.10.0"
source = "registry+https://github.com/rust-lang/crates.io-index"
checksum = "ccd3c99901cdeb3e3660431717478a377f90d2501b4c747daf8d981018443481"
dependencies = [
 "tang",
]

[[package]]
name = "vcad-kernel-nurbs"
version = "0.10.0"
source = "registry+https://github.com/rust-lang/crates.io-index"
checksum = "ade3700c0c18267e9743bcfceca55e32d1137ea61f833723d688960288b0d360"
dependencies = [
 "tang",
 "vcad-kernel-geom",
 "vcad-kernel-math",
]

[[package]]
name = "vcad-kernel-primitives"
version = "0.10.0"
source = "registry+https://github.com/rust-lang/crates.io-index"
checksum = "46f7a1259f7433df55e7460277e92f1cbc7088b9721cb2a9835432ed7e226482"
dependencies = [
 "vcad-kernel-geom",
 "vcad-kernel-math",
 "vcad-kernel-topo",
]

[[package]]
name = "vcad-kernel-step"
version = "0.10.0"
source = "registry+https://github.com/rust-lang/crates.io-index"
checksum = "4e897e80f2bde8c5e3433d9213b41c4664da0b3a35e45657872fb72dfe4b7977"
dependencies = [
 "stepperoni",
 "thiserror",
 "vcad-kernel-geom",
 "vcad-kernel-math",
 "vcad-kernel-nurbs",
 "vcad-kernel-primitives",
 "vcad-kernel-topo",
]

[[package]]
name = "vcad-kernel-tessellate"
version = "0.10.0"
source = "registry+https://github.com/rust-lang/crates.io-index"
checksum = "da5e1f864c8f3cbb3258174cadf5ba86ab6c5d8de21ef68e9df21c7f3d760e85"
dependencies = [
 "earcutr",
 "serde",
 "serde_json",
 "tang",
 "vcad-kernel-geom",
 "vcad-kernel-math",
 "vcad-kernel-primitives",
 "vcad-kernel-topo",
]

[[package]]
name = "vcad-kernel-topo"
version = "0.10.0"
source = "registry+https://github.com/rust-lang/crates.io-index"
checksum = "0ccb839ee0efb80e7343449442d0806ae057beb076da0a88da55b03ae6f879eb"
dependencies = [
 "slotmap",
 "vcad-kernel-math",
]

[[package]]
name = "version_check"
version = "0.9.5"
source = "registry+https://github.com/rust-lang/crates.io-index"
checksum = "0b928f33d975fc6ad9f86c8f283853ad26bdd5b10b7f1542aa2fa15e2289105a"

[[package]]
name = "zmij"
version = "1.0.23"
source = "registry+https://github.com/rust-lang/crates.io-index"
checksum = "29666d0abbfad1e3dc4dcf6144730dd3a3ab225bbbdac83319345b1b44ccfc1b"
